
Microsoft Visual Studio Solution File, Format Version 12.00
# Visual Studio 15
Project("{FAE04EC0-301F-11D3-BF4B-00C04F79EFBC}") = "BoozeHound.Android", "BoozeHound.Android\BoozeHound.Android.csproj", "{BF460FD3-A175-436D-99CA-BCDD79349FA4}"
EndProject
Project("{FAE04EC0-301F-11D3-BF4B-00C04F79EFBC}") = "BoozeHound.iOS", "BoozeHound.iOS\BoozeHound.iOS.csproj", "{FF04AD15-D631-425E-BB9D-59B2AE47A78C}"
EndProject
Project("{FAE04EC0-301F-11D3-BF4B-00C04F79EFBC}") = "BoozeHound", "BoozeHound\BoozeHound.csproj", "{504F9BC6-E62B-46B3-AB32-9468FCA80BB0}"
EndProject
Global
	GlobalSection(SolutionConfigurationPlatforms) = preSolution
		Debug|Any CPU = Debug|Any CPU
		Release|Any CPU = Release|Any CPU
		Debug|iPhoneSimulator = Debug|iPhoneSimulator
		Release|iPhoneSimulator = Release|iPhoneSimulator
		Debug|iPhone = Debug|iPhone
		Release|iPhone = Release|iPhone
		Ad-Hoc|iPhone = Ad-Hoc|iPhone
		AppStore|iPhone = AppStore|iPhone
	EndGlobalSection
	GlobalSection(ProjectConfigurationPlatforms) = postSolution
		{BF460FD3-A175-436D-99CA-BCDD79349FA4}.Debug|Any CPU.ActiveCfg = Debug|Any CPU
		{BF460FD3-A175-436D-99CA-BCDD79349FA4}.Debug|Any CPU.Build.0 = Debug|Any CPU
		{BF460FD3-A175-436D-99CA-BCDD79349FA4}.Release|Any CPU.ActiveCfg = Release|Any CPU
		{BF460FD3-A175-436D-99CA-BCDD79349FA4}.Release|Any CPU.Build.0 = Release|Any CPU
		{BF460FD3-A175-436D-99CA-BCDD79349FA4}.Debug|iPhoneSimulator.ActiveCfg = Debug|Any CPU
		{BF460FD3-A175-436D-99CA-BCDD79349FA4}.Debug|iPhoneSimulator.Build.0 = Debug|Any CPU
		{BF460FD3-A175-436D-99CA-BCDD79349FA4}.Release|iPhoneSimulator.ActiveCfg = Release|Any CPU
		{BF460FD3-A175-436D-99CA-BCDD79349FA4}.Release|iPhoneSimulator.Build.0 = Release|Any CPU
		{BF460FD3-A175-436D-99CA-BCDD79349FA4}.Debug|iPhone.ActiveCfg = Debug|Any CPU
		{BF460FD3-A175-436D-99CA-BCDD79349FA4}.Debug|iPhone.Build.0 = Debug|Any CPU
		{BF460FD3-A175-436D-99CA-BCDD79349FA4}.Release|iPhone.ActiveCfg = Release|Any CPU
		{BF460FD3-A175-436D-99CA-BCDD79349FA4}.Release|iPhone.Build.0 = Release|Any CPU
		{BF460FD3-A175-436D-99CA-BCDD79349FA4}.Ad-Hoc|iPhone.ActiveCfg = Debug|Any CPU
		{BF460FD3-A175-436D-99CA-BCDD79349FA4}.Ad-Hoc|iPhone.Build.0 = Debug|Any CPU
		{BF460FD3-A175-436D-99CA-BCDD79349FA4}.AppStore|iPhone.ActiveCfg = Debug|Any CPU
		{BF460FD3-A175-436D-99CA-BCDD79349FA4}.AppStore|iPhone.Build.0 = Debug|Any CPU
		{FF04AD15-D631-425E-BB9D-59B2AE47A78C}.Debug|Any CPU.ActiveCfg = Debug|iPhoneSimulator
		{FF04AD15-D631-425E-BB9D-59B2AE47A78C}.Debug|Any CPU.Build.0 = Debug|iPhoneSimulator
		{FF04AD15-D631-425E-BB9D-59B2AE47A78C}.Release|Any CPU.ActiveCfg = Release|iPhoneSimulator
		{FF04AD15-D631-425E-BB9D-59B2AE47A78C}.Release|Any CPU.Build.0 = Release|iPhoneSimulator
		{FF04AD15-D631-425E-BB9D-59B2AE47A78C}.Debug|iPhoneSimulator.ActiveCfg = Debug|iPhoneSimulator
		{FF04AD15-D631-425E-BB9D-59B2AE47A78C}.Debug|iPhoneSimulator.Build.0 = Debug|iPhoneSimulator
		{FF04AD15-D631-425E-BB9D-59B2AE47A78C}.Release|iPhoneSimulator.ActiveCfg = Release|iPhoneSimulator
		{FF04AD15-D631-425E-BB9D-59B2AE47A78C}.Release|iPhoneSimulator.Build.0 = Release|iPhoneSimulator
		{FF04AD15-D631-425E-BB9D-59B2AE47A78C}.Debug|iPhone.ActiveCfg = Debug|iPhone
		{FF04AD15-D631-425E-BB9D-59B2AE47A78C}.Debug|iPhone.Build.0 = Debug|iPhone
		{FF04AD15-D631-425E-BB9D-59B2AE47A78C}.Release|iPhone.ActiveCfg = Release|iPhone
		{FF04AD15-D631-425E-BB9D-59B2AE47A78C}.Release|iPhone.Build.0 = Release|iPhone
		{FF04AD15-D631-425E-BB9D-59B2AE47A78C}.Ad-Hoc|iPhone.ActiveCfg = Ad-Hoc|iPhone
		{FF04AD15-D631-425E-BB9D-59B2AE47A78C}.Ad-Hoc|iPhone.Build.0 = Ad-Hoc|iPhone
		{FF04AD15-D631-425E-BB9D-59B2AE47A78C}.AppStore|iPhone.ActiveCfg = AppStore|iPhone
		{FF04AD15-D631-425E-BB9D-59B2AE47A78C}.AppStore|iPhone.Build.0 = AppStore|iPhone
		{504F9BC6-E62B-46B3-AB32-9468FCA80BB0}.Debug|Any CPU.ActiveCfg = Debug|Any CPU
		{504F9BC6-E62B-46B3-AB32-9468FCA80BB0}.Debug|Any CPU.Build.0 = Debug|Any CPU
		{504F9BC6-E62B-46B3-AB32-9468FCA80BB0}.Release|Any CPU.ActiveCfg = Release|Any CPU
		{504F9BC6-E62B-46B3-AB32-9468FCA80BB0}.Release|Any CPU.Build.0 = Release|Any CPU
		{504F9BC6-E62B-46B3-AB32-9468FCA80BB0}.Debug|iPhoneSimulator.ActiveCfg = Debug|Any CPU
		{504F9BC6-E62B-46B3-AB32-9468FCA80BB0}.Debug|iPhoneSimulator.Build.0 = Debug|Any CPU
		{504F9BC6-E62B-46B3-AB32-9468FCA80BB0}.Release|iPhoneSimulator.ActiveCfg = Release|Any CPU
		{504F9BC6-E62B-46B3-AB32-9468FCA80BB0}.Release|iPhoneSimulator.Build.0 = Release|Any CPU
		{504F9BC6-E62B-46B3-AB32-9468FCA80BB0}.Debug|iPhone.ActiveCfg = Debug|Any CPU
		{504F9BC6-E62B-46B3-AB32-9468FCA80BB0}.Debug|iPhone.Build.0 = Debug|Any CPU
		{504F9BC6-E62B-46B3-AB32-9468FCA80BB0}.Release|iPhone.ActiveCfg = Release|Any CPU
		{504F9BC6-E62B-46B3-AB32-9468FCA80BB0}.Release|iPhone.Build.0 = Release|Any CPU
		{504F9BC6-E62B-46B3-AB32-9468FCA80BB0}.Ad-Hoc|iPhone.ActiveCfg = Debug|Any CPU
		{504F9BC6-E62B-46B3-AB32-9468FCA80BB0}.Ad-Hoc|iPhone.Build.0 = Debug|Any CPU
		{504F9BC6-E62B-46B3-AB32-9468FCA80BB0}.AppStore|iPhone.ActiveCfg = Debug|Any CPU
		{504F9BC6-E62B-46B3-AB32-9468FCA80BB0}.AppStore|iPhone.Build.0 = Debug|Any CPU
	EndGlobalSection
EndGlobal
